
Microsoft Visual Studio Solution File, Format Version 12.00
# Visual Studio Version 16
VisualStudioVersion = 16.0.31410.357
MinimumVisualStudioVersion = 10.0.40219.1
Project("{9A19103F-16F7-4668-BE54-9A1E7A4F7556}") = "CompanyEmployees", "CompanyEmployees\CompanyEmployees.csproj", "{53E3578D-C5AE-4ADC-825A-2B37480AA612}"
	ProjectSection(ProjectDependencies) = postProject
		{D9EBDF20-30B6-490C-9A38-05E06F688787} = {D9EBDF20-30B6-490C-9A38-05E06F688787}
	EndProjectSection
EndProject
Project("{9A19103F-16F7-4668-BE54-9A1E7A4F7556}") = "Contracts", "Contracts\Contracts.csproj", "{0A9B1921-7D71-4964-9218-54D4CCF8E6D2}"
EndProject
Project("{9A19103F-16F7-4668-BE54-9A1E7A4F7556}") = "LoggerService", "LoggerService\LoggerService.csproj", "{D9EBDF20-30B6-490C-9A38-05E06F688787}"
	ProjectSection(ProjectDependencies) = postProject
		{0A9B1921-7D71-4964-9218-54D4CCF8E6D2} = {0A9B1921-7D71-4964-9218-54D4CCF8E6D2}
	EndProjectSection
EndProject
Project("{FAE04EC0-301F-11D3-BF4B-00C04F79EFBC}") = "Entities", "Entities\Entities.csproj", "{8EF9D5D6-C97E-4285-92D7-F6A00AC220B9}"
EndProject
Project("{FAE04EC0-301F-11D3-BF4B-00C04F79EFBC}") = "Repository", "Repository\Repository.csproj", "{AF27D5CC-87B0-4F3B-88C9-670754DE0038}"
EndProject
Global
	GlobalSection(SolutionConfigurationPlatforms) = preSolution
		Debug|Any CPU = Debug|Any CPU
		Release|Any CPU = Release|Any CPU
	EndGlobalSection
	GlobalSection(ProjectConfigurationPlatforms) = postSolution
		{53E3578D-C5AE-4ADC-825A-2B37480AA612}.Debug|Any CPU.ActiveCfg = Debug|Any CPU
		{53E3578D-C5AE-4ADC-825A-2B37480AA612}.Debug|Any CPU.Build.0 = Debug|Any CPU
		{53E3578D-C5AE-4ADC-825A-2B37480AA612}.Release|Any CPU.ActiveCfg = Release|Any CPU
		{53E3578D-C5AE-4ADC-825A-2B37480AA612}.Release|Any CPU.Build.0 = Release|Any CPU
		{0A9B1921-7D71-4964-9218-54D4CCF8E6D2}.Debug|Any CPU.ActiveCfg = Debug|Any CPU
		{0A9B1921-7D71-4964-9218-54D4CCF8E6D2}.Debug|Any CPU.Build.0 = Debug|Any CPU
		{0A9B1921-7D71-4964-9218-54D4CCF8E6D2}.Release|Any CPU.ActiveCfg = Release|Any CPU
		{0A9B1921-7D71-4964-9218-54D4CCF8E6D2}.Release|Any CPU.Build.0 = Release|Any CPU
		{D9EBDF20-30B6-490C-9A38-05E06F688787}.Debug|Any CPU.ActiveCfg = Debug|Any CPU
		{D9EBDF20-30B6-490C-9A38-05E06F688787}.Debug|Any CPU.Build.0 = Debug|Any CPU
		{D9EBDF20-30B6-490C-9A38-05E06F688787}.Release|Any CPU.ActiveCfg = Release|Any CPU
		{D9EBDF20-30B6-490C-9A38-05E06F688787}.Release|Any CPU.Build.0 = Release|Any CPU
		{8EF9D5D6-C97E-4285-92D7-F6A00AC220B9}.Debug|Any CPU.ActiveCfg = Debug|Any CPU
		{8EF9D5D6-C97E-4285-92D7-F6A00AC220B9}.Debug|Any CPU.Build.0 = Debug|Any CPU
		{8EF9D5D6-C97E-4285-92D7-F6A00AC220B9}.Release|Any CPU.ActiveCfg = Release|Any CPU
		{8EF9D5D6-C97E-4285-92D7-F6A00AC220B9}.Release|Any CPU.Build.0 = Release|Any CPU
		{AF27D5CC-87B0-4F3B-88C9-670754DE0038}.Debug|Any CPU.ActiveCfg = Debug|Any CPU
		{AF27D5CC-87B0-4F3B-88C9-670754DE0038}.Debug|Any CPU.Build.0 = Debug|Any CPU
		{AF27D5CC-87B0-4F3B-88C9-670754DE0038}.Release|Any CPU.ActiveCfg = Release|Any CPU
		{AF27D5CC-87B0-4F3B-88C9-670754DE0038}.Release|Any CPU.Build.0 = Release|Any CPU
	EndGlobalSection
	GlobalSection(SolutionProperties) = preSolution
		HideSolutionNode = FALSE
	EndGlobalSection
	GlobalSection(ExtensibilityGlobals) = postSolution
		SolutionGuid = {E3669CF3-861D-4A12-BA59-395EA49271B0}
	EndGlobalSection
EndGlobal
